# This file is generated by running "yarn install" inside your project.
# Manual changes might be lost - proceed with caution!

__metadata:
  version: 6
  cacheKey: 8

"zenn-cli@npm:^0.1.117":
  version: 0.1.117
  resolution: "zenn-cli@npm:0.1.117"
  bin:
    zenn: dist/server/zenn.js
  checksum: aacad6dcb436adecdd4cea64afde350589c2a791638b997edc54df87b1153c34406a294fe7039499f92e40c08ddb31322e1bcd745f5bea1fc78b54c9bbd5fe4b
  languageName: node
  linkType: hard

"zenn@workspace:.":
  version: 0.0.0-use.local
  resolution: "zenn@workspace:."
  dependencies:
    zenn-cli: ^0.1.117
  languageName: unknown
  linkType: soft
