# This file is generated by running "yarn install" inside your project.
# Manual changes might be lost - proceed with caution!

__metadata:
  version: 6
  cacheKey: 8

"zenn-cli@npm:^0.1.116":
  version: 0.1.116
  resolution: "zenn-cli@npm:0.1.116"
  bin:
    zenn: dist/server/zenn.js
  checksum: 2997842f151d02066667f8641a10eeb23e127847085e4706df43436d19003ead39b53658a2e3060d1352a909fce956bfbd2bfb91e9d69330eea539b5bd150b4d
  languageName: node
  linkType: hard

"zenn@workspace:.":
  version: 0.0.0-use.local
  resolution: "zenn@workspace:."
  dependencies:
    zenn-cli: ^0.1.116
  languageName: unknown
  linkType: soft
