# This file is generated by running "yarn install" inside your project.
# Manual changes might be lost - proceed with caution!

__metadata:
  version: 6
  cacheKey: 8

"zenn-cli@npm:^0.1.125":
  version: 0.1.125
  resolution: "zenn-cli@npm:0.1.125"
  bin:
    zenn: dist/server/zenn.js
  checksum: aa7336eb000688d2c5d64ee88990b7835f58bb013d7a56184fe2cb7bde2d586fa82be8f90ba50cf3f374ffd9e12d269f715edbc16900e792b7ae824debcfafb0
  languageName: node
  linkType: hard

"zenn@workspace:.":
  version: 0.0.0-use.local
  resolution: "zenn@workspace:."
  dependencies:
    zenn-cli: ^0.1.125
  languageName: unknown
  linkType: soft
